
Microsoft Visual Studio Solution File, Format Version 12.00
# Visual Studio Version 16
VisualStudioVersion = 16.0.30309.148
MinimumVisualStudioVersion = 10.0.40219.1
Project("{FAE04EC0-301F-11D3-BF4B-00C04F79EFBC}") = "TrainTicketBookingSystem", "TrainTicketBookingSystem\TrainTicketBookingSystem.csproj", "{0624625E-C17D-43B2-98AF-D39E0F499D80}"
EndProject
Project("{2150E333-8FDC-42A3-9474-1A3956D46DE8}") = "Class Libraries", "Class Libraries", "{8635E4B9-A26C-4C03-B3AD-6D2B6D8E0C18}"
EndProject
Project("{FAE04EC0-301F-11D3-BF4B-00C04F79EFBC}") = "Services", "Services\Services.csproj", "{F75A6569-3732-4168-A5CE-A7DC255C00AA}"
EndProject
Project("{FAE04EC0-301F-11D3-BF4B-00C04F79EFBC}") = "Repositories", "Repositories\Repositories.csproj", "{C6E81404-1619-42CF-9351-CD46E914952F}"
EndProject
Project("{FAE04EC0-301F-11D3-BF4B-00C04F79EFBC}") = "Core", "Core\Core.csproj", "{2B59B15D-479A-4A3B-A37B-59D0A5484248}"
EndProject
Global
	GlobalSection(SolutionConfigurationPlatforms) = preSolution
		Debug|Any CPU = Debug|Any CPU
		Release|Any CPU = Release|Any CPU
	EndGlobalSection
	GlobalSection(ProjectConfigurationPlatforms) = postSolution
		{0624625E-C17D-43B2-98AF-D39E0F499D80}.Debug|Any CPU.ActiveCfg = Debug|Any CPU
		{0624625E-C17D-43B2-98AF-D39E0F499D80}.Debug|Any CPU.Build.0 = Debug|Any CPU
		{0624625E-C17D-43B2-98AF-D39E0F499D80}.Release|Any CPU.ActiveCfg = Release|Any CPU
		{0624625E-C17D-43B2-98AF-D39E0F499D80}.Release|Any CPU.Build.0 = Release|Any CPU
		{F75A6569-3732-4168-A5CE-A7DC255C00AA}.Debug|Any CPU.ActiveCfg = Debug|Any CPU
		{F75A6569-3732-4168-A5CE-A7DC255C00AA}.Debug|Any CPU.Build.0 = Debug|Any CPU
		{F75A6569-3732-4168-A5CE-A7DC255C00AA}.Release|Any CPU.ActiveCfg = Release|Any CPU
		{F75A6569-3732-4168-A5CE-A7DC255C00AA}.Release|Any CPU.Build.0 = Release|Any CPU
		{C6E81404-1619-42CF-9351-CD46E914952F}.Debug|Any CPU.ActiveCfg = Debug|Any CPU
		{C6E81404-1619-42CF-9351-CD46E914952F}.Debug|Any CPU.Build.0 = Debug|Any CPU
		{C6E81404-1619-42CF-9351-CD46E914952F}.Release|Any CPU.ActiveCfg = Release|Any CPU
		{C6E81404-1619-42CF-9351-CD46E914952F}.Release|Any CPU.Build.0 = Release|Any CPU
		{2B59B15D-479A-4A3B-A37B-59D0A5484248}.Debug|Any CPU.ActiveCfg = Debug|Any CPU
		{2B59B15D-479A-4A3B-A37B-59D0A5484248}.Debug|Any CPU.Build.0 = Debug|Any CPU
		{2B59B15D-479A-4A3B-A37B-59D0A5484248}.Release|Any CPU.ActiveCfg = Release|Any CPU
		{2B59B15D-479A-4A3B-A37B-59D0A5484248}.Release|Any CPU.Build.0 = Release|Any CPU
	EndGlobalSection
	GlobalSection(SolutionProperties) = preSolution
		HideSolutionNode = FALSE
	EndGlobalSection
	GlobalSection(NestedProjects) = preSolution
		{F75A6569-3732-4168-A5CE-A7DC255C00AA} = {8635E4B9-A26C-4C03-B3AD-6D2B6D8E0C18}
		{C6E81404-1619-42CF-9351-CD46E914952F} = {8635E4B9-A26C-4C03-B3AD-6D2B6D8E0C18}
		{2B59B15D-479A-4A3B-A37B-59D0A5484248} = {8635E4B9-A26C-4C03-B3AD-6D2B6D8E0C18}
	EndGlobalSection
	GlobalSection(ExtensibilityGlobals) = postSolution
		SolutionGuid = {D9E65B8F-B7EC-4F28-B572-EC159CD2E90F}
	EndGlobalSection
EndGlobal
